
Microsoft Visual Studio Solution File, Format Version 12.00
# Visual Studio Version 17
VisualStudioVersion = 17.2.32630.192
MinimumVisualStudioVersion = 10.0.40219.1
Project("{FAE04EC0-301F-11D3-BF4B-00C04F79EFBC}") = "NetFramework", "NetFramework\NetFramework.csproj", "{634D63B2-8A16-4E8B-BA1F-EB78ECECDA8D}"
EndProject
Global
	GlobalSection(SolutionConfigurationPlatforms) = preSolution
		Debug|Any CPU = Debug|Any CPU
		Release|Any CPU = Release|Any CPU
	EndGlobalSection
	GlobalSection(ProjectConfigurationPlatforms) = postSolution
		{634D63B2-8A16-4E8B-BA1F-EB78ECECDA8D}.Debug|Any CPU.ActiveCfg = Debug|Any CPU
		{634D63B2-8A16-4E8B-BA1F-EB78ECECDA8D}.Debug|Any CPU.Build.0 = Debug|Any CPU
		{634D63B2-8A16-4E8B-BA1F-EB78ECECDA8D}.Release|Any CPU.ActiveCfg = Release|Any CPU
		{634D63B2-8A16-4E8B-BA1F-EB78ECECDA8D}.Release|Any CPU.Build.0 = Release|Any CPU
	EndGlobalSection
	GlobalSection(SolutionProperties) = preSolution
		HideSolutionNode = FALSE
	EndGlobalSection
	GlobalSection(ExtensibilityGlobals) = postSolution
		SolutionGuid = {F5C24FDF-715D-4BE5-B50E-736CFEDAF84F}
	EndGlobalSection
EndGlobal
